<?xml version="1.0" encoding="UTF-8" standalone="yes" ?>
<CodeBlocks_project_file>
	<FileVersion major="1" minor="6" />
	<Project>
		<Option title="Server" />
		<Option pch_mode="2" />
		<Option compiler="gcc" />
		<Build>
			<Target title="Debug">
				<Option output="bin/Debug/Server" prefix_auto="1" extension_auto="1" />
				<Option object_output="obj/Debug/" />
				<Option type="1" />
				<Option compiler="gcc" />
				<Compiler>
					<Add option="-std=c++11" />
					<Add option="-g" />
				</Compiler>
				<Linker>
					<Add library="pthread" />
				</Linker>
			</Target>
			<Target title="Release">
				<Option output="bin/Release/Server" prefix_auto="1" extension_auto="1" />
				<Option object_output="obj/Release/" />
				<Option type="1" />
				<Option compiler="gcc" />
				<Compiler>
					<Add option="-O2" />
				</Compiler>
				<Linker>
					<Add option="-s" />
				</Linker>
			</Target>
		</Build>
		<Compiler>
			<Add option="-Wall" />
		</Compiler>
		<Unit filename="agv.cpp" />
		<Unit filename="agv.h" />
		<Unit filename="connections.cpp" />
		<Unit filename="connections.h" />
		<Unit filename="container.cpp" />
		<Unit filename="container.h" />
		<Unit filename="crane.cpp" />
		<Unit filename="crane.h" />
		<Unit filename="database.cpp" />
		<Unit filename="database.h" />
		<Unit filename="main.cpp" />
		<Unit filename="server.cpp" />
		<Unit filename="server.h" />
		<Unit filename="socket.cpp" />
		<Unit filename="socket.h" />
		<Unit filename="transfer.cpp" />
		<Unit filename="transfer.h" />
		<Unit filename="transport.cpp" />
		<Unit filename="transport.h" />
		<Unit filename="xmlparser.cpp" />
		<Unit filename="xmlparser.h" />
		<Extensions>
			<code_completion />
			<debugger />
		</Extensions>
	</Project>
</CodeBlocks_project_file>
